
Microsoft Visual Studio Solution File, Format Version 12.00
# Visual Studio 2013
VisualStudioVersion = 12.0.30723.0
MinimumVisualStudioVersion = 10.0.40219.1
Project("{FAE04EC0-301F-11D3-BF4B-00C04F79EFBC}") = "Sword", "Sword\Sword.csproj", "{191CADB1-D8DE-4764-A307-540063816B10}"
EndProject
Project("{2150E333-8FDC-42A3-9474-1A3956D46DE8}") = "ConnectionDialogs", "ConnectionDialogs", "{8983543F-74CA-4A3A-8E8B-71BD657044EA}"
	ProjectSection(SolutionItems) = preProject
		\\austin\shares\Technology\Sourcecode\Production Reference Libraries\Microsoft.Data.ConnectionUI.Dialog.dll = \\austin\shares\Technology\Sourcecode\Production Reference Libraries\Microsoft.Data.ConnectionUI.Dialog.dll
		\\austin\shares\Technology\Sourcecode\Production Reference Libraries\Microsoft.Data.ConnectionUI.dll = \\austin\shares\Technology\Sourcecode\Production Reference Libraries\Microsoft.Data.ConnectionUI.dll
	EndProjectSection
EndProject
Project("{FAE04EC0-301F-11D3-BF4B-00C04F79EFBC}") = "Bastard.Web", "Bastard.Web\Bastard.Web.csproj", "{C3C56DAF-58D7-403C-977F-AD0DA66A7C0B}"
EndProject
Project("{FAE04EC0-301F-11D3-BF4B-00C04F79EFBC}") = "Bastard.Bundler", "Bastard.Bundler\Bastard.Bundler.csproj", "{673FB75C-925E-4FA5-8BA6-014875DF465A}"
EndProject
Project("{FAE04EC0-301F-11D3-BF4B-00C04F79EFBC}") = "Sword.Portable", "Sword.Portable\Sword.Portable.csproj", "{7922C3CC-6501-4BFE-B01D-4BBEC2182AA0}"
EndProject
Project("{FAE04EC0-301F-11D3-BF4B-00C04F79EFBC}") = "Sword.ObjectConstructor", "Sword.ObjectConstructor\Sword.ObjectConstructor.csproj", "{CDB43641-2665-4FD1-B959-F8CBE8E00A7E}"
EndProject
Project("{FAE04EC0-301F-11D3-BF4B-00C04F79EFBC}") = "Sword.Test", "Sword.Test\Sword.Test.csproj", "{BA9BF894-9B14-4B39-BC66-31BD07540B08}"
EndProject
Project("{FAE04EC0-301F-11D3-BF4B-00C04F79EFBC}") = "Sword.Web", "Sword.Web\Sword.Web.csproj", "{4D47F450-5C79-4271-B1F7-65D512A67D7F}"
EndProject
Global
	GlobalSection(SolutionConfigurationPlatforms) = preSolution
		Debug|Any CPU = Debug|Any CPU
		Debug|Mixed Platforms = Debug|Mixed Platforms
		Debug|x86 = Debug|x86
		Release|Any CPU = Release|Any CPU
		Release|Mixed Platforms = Release|Mixed Platforms
		Release|x86 = Release|x86
	EndGlobalSection
	GlobalSection(ProjectConfigurationPlatforms) = postSolution
		{191CADB1-D8DE-4764-A307-540063816B10}.Debug|Any CPU.ActiveCfg = Debug|Any CPU
		{191CADB1-D8DE-4764-A307-540063816B10}.Debug|Any CPU.Build.0 = Debug|Any CPU
		{191CADB1-D8DE-4764-A307-540063816B10}.Debug|Mixed Platforms.ActiveCfg = Debug|Any CPU
		{191CADB1-D8DE-4764-A307-540063816B10}.Debug|Mixed Platforms.Build.0 = Debug|Any CPU
		{191CADB1-D8DE-4764-A307-540063816B10}.Debug|x86.ActiveCfg = Debug|Any CPU
		{191CADB1-D8DE-4764-A307-540063816B10}.Release|Any CPU.ActiveCfg = Release|Any CPU
		{191CADB1-D8DE-4764-A307-540063816B10}.Release|Any CPU.Build.0 = Release|Any CPU
		{191CADB1-D8DE-4764-A307-540063816B10}.Release|Mixed Platforms.ActiveCfg = Release|Any CPU
		{191CADB1-D8DE-4764-A307-540063816B10}.Release|Mixed Platforms.Build.0 = Release|Any CPU
		{191CADB1-D8DE-4764-A307-540063816B10}.Release|x86.ActiveCfg = Release|Any CPU
		{C3C56DAF-58D7-403C-977F-AD0DA66A7C0B}.Debug|Any CPU.ActiveCfg = Debug|Any CPU
		{C3C56DAF-58D7-403C-977F-AD0DA66A7C0B}.Debug|Any CPU.Build.0 = Debug|Any CPU
		{C3C56DAF-58D7-403C-977F-AD0DA66A7C0B}.Debug|Mixed Platforms.ActiveCfg = Debug|Any CPU
		{C3C56DAF-58D7-403C-977F-AD0DA66A7C0B}.Debug|Mixed Platforms.Build.0 = Debug|Any CPU
		{C3C56DAF-58D7-403C-977F-AD0DA66A7C0B}.Debug|x86.ActiveCfg = Debug|Any CPU
		{C3C56DAF-58D7-403C-977F-AD0DA66A7C0B}.Release|Any CPU.ActiveCfg = Release|Any CPU
		{C3C56DAF-58D7-403C-977F-AD0DA66A7C0B}.Release|Any CPU.Build.0 = Release|Any CPU
		{C3C56DAF-58D7-403C-977F-AD0DA66A7C0B}.Release|Mixed Platforms.ActiveCfg = Release|Any CPU
		{C3C56DAF-58D7-403C-977F-AD0DA66A7C0B}.Release|Mixed Platforms.Build.0 = Release|Any CPU
		{C3C56DAF-58D7-403C-977F-AD0DA66A7C0B}.Release|x86.ActiveCfg = Release|Any CPU
		{673FB75C-925E-4FA5-8BA6-014875DF465A}.Debug|Any CPU.ActiveCfg = Debug|Any CPU
		{673FB75C-925E-4FA5-8BA6-014875DF465A}.Debug|Any CPU.Build.0 = Debug|Any CPU
		{673FB75C-925E-4FA5-8BA6-014875DF465A}.Debug|Mixed Platforms.ActiveCfg = Debug|Any CPU
		{673FB75C-925E-4FA5-8BA6-014875DF465A}.Debug|Mixed Platforms.Build.0 = Debug|Any CPU
		{673FB75C-925E-4FA5-8BA6-014875DF465A}.Debug|x86.ActiveCfg = Debug|Any CPU
		{673FB75C-925E-4FA5-8BA6-014875DF465A}.Release|Any CPU.ActiveCfg = Release|Any CPU
		{673FB75C-925E-4FA5-8BA6-014875DF465A}.Release|Any CPU.Build.0 = Release|Any CPU
		{673FB75C-925E-4FA5-8BA6-014875DF465A}.Release|Mixed Platforms.ActiveCfg = Release|Any CPU
		{673FB75C-925E-4FA5-8BA6-014875DF465A}.Release|Mixed Platforms.Build.0 = Release|Any CPU
		{673FB75C-925E-4FA5-8BA6-014875DF465A}.Release|x86.ActiveCfg = Release|Any CPU
		{7922C3CC-6501-4BFE-B01D-4BBEC2182AA0}.Debug|Any CPU.ActiveCfg = Debug|Any CPU
		{7922C3CC-6501-4BFE-B01D-4BBEC2182AA0}.Debug|Any CPU.Build.0 = Debug|Any CPU
		{7922C3CC-6501-4BFE-B01D-4BBEC2182AA0}.Debug|Mixed Platforms.ActiveCfg = Debug|Any CPU
		{7922C3CC-6501-4BFE-B01D-4BBEC2182AA0}.Debug|Mixed Platforms.Build.0 = Debug|Any CPU
		{7922C3CC-6501-4BFE-B01D-4BBEC2182AA0}.Debug|x86.ActiveCfg = Debug|Any CPU
		{7922C3CC-6501-4BFE-B01D-4BBEC2182AA0}.Release|Any CPU.ActiveCfg = Release|Any CPU
		{7922C3CC-6501-4BFE-B01D-4BBEC2182AA0}.Release|Any CPU.Build.0 = Release|Any CPU
		{7922C3CC-6501-4BFE-B01D-4BBEC2182AA0}.Release|Mixed Platforms.ActiveCfg = Release|Any CPU
		{7922C3CC-6501-4BFE-B01D-4BBEC2182AA0}.Release|Mixed Platforms.Build.0 = Release|Any CPU
		{7922C3CC-6501-4BFE-B01D-4BBEC2182AA0}.Release|x86.ActiveCfg = Release|Any CPU
		{CDB43641-2665-4FD1-B959-F8CBE8E00A7E}.Debug|Any CPU.ActiveCfg = Debug|Any CPU
		{CDB43641-2665-4FD1-B959-F8CBE8E00A7E}.Debug|Any CPU.Build.0 = Debug|Any CPU
		{CDB43641-2665-4FD1-B959-F8CBE8E00A7E}.Debug|Mixed Platforms.ActiveCfg = Debug|Any CPU
		{CDB43641-2665-4FD1-B959-F8CBE8E00A7E}.Debug|Mixed Platforms.Build.0 = Debug|Any CPU
		{CDB43641-2665-4FD1-B959-F8CBE8E00A7E}.Debug|x86.ActiveCfg = Debug|Any CPU
		{CDB43641-2665-4FD1-B959-F8CBE8E00A7E}.Release|Any CPU.ActiveCfg = Release|Any CPU
		{CDB43641-2665-4FD1-B959-F8CBE8E00A7E}.Release|Any CPU.Build.0 = Release|Any CPU
		{CDB43641-2665-4FD1-B959-F8CBE8E00A7E}.Release|Mixed Platforms.ActiveCfg = Release|Any CPU
		{CDB43641-2665-4FD1-B959-F8CBE8E00A7E}.Release|Mixed Platforms.Build.0 = Release|Any CPU
		{CDB43641-2665-4FD1-B959-F8CBE8E00A7E}.Release|x86.ActiveCfg = Release|Any CPU
		{BA9BF894-9B14-4B39-BC66-31BD07540B08}.Debug|Any CPU.ActiveCfg = Debug|Any CPU
		{BA9BF894-9B14-4B39-BC66-31BD07540B08}.Debug|Any CPU.Build.0 = Debug|Any CPU
		{BA9BF894-9B14-4B39-BC66-31BD07540B08}.Debug|Mixed Platforms.ActiveCfg = Debug|Any CPU
		{BA9BF894-9B14-4B39-BC66-31BD07540B08}.Debug|Mixed Platforms.Build.0 = Debug|Any CPU
		{BA9BF894-9B14-4B39-BC66-31BD07540B08}.Debug|x86.ActiveCfg = Debug|Any CPU
		{BA9BF894-9B14-4B39-BC66-31BD07540B08}.Release|Any CPU.ActiveCfg = Release|Any CPU
		{BA9BF894-9B14-4B39-BC66-31BD07540B08}.Release|Any CPU.Build.0 = Release|Any CPU
		{BA9BF894-9B14-4B39-BC66-31BD07540B08}.Release|Mixed Platforms.ActiveCfg = Release|Any CPU
		{BA9BF894-9B14-4B39-BC66-31BD07540B08}.Release|Mixed Platforms.Build.0 = Release|Any CPU
		{BA9BF894-9B14-4B39-BC66-31BD07540B08}.Release|x86.ActiveCfg = Release|Any CPU
		{4D47F450-5C79-4271-B1F7-65D512A67D7F}.Debug|Any CPU.ActiveCfg = Debug|Any CPU
		{4D47F450-5C79-4271-B1F7-65D512A67D7F}.Debug|Any CPU.Build.0 = Debug|Any CPU
		{4D47F450-5C79-4271-B1F7-65D512A67D7F}.Debug|Mixed Platforms.ActiveCfg = Debug|Any CPU
		{4D47F450-5C79-4271-B1F7-65D512A67D7F}.Debug|Mixed Platforms.Build.0 = Debug|Any CPU
		{4D47F450-5C79-4271-B1F7-65D512A67D7F}.Debug|x86.ActiveCfg = Debug|Any CPU
		{4D47F450-5C79-4271-B1F7-65D512A67D7F}.Release|Any CPU.ActiveCfg = Release|Any CPU
		{4D47F450-5C79-4271-B1F7-65D512A67D7F}.Release|Any CPU.Build.0 = Release|Any CPU
		{4D47F450-5C79-4271-B1F7-65D512A67D7F}.Release|Mixed Platforms.ActiveCfg = Release|Any CPU
		{4D47F450-5C79-4271-B1F7-65D512A67D7F}.Release|Mixed Platforms.Build.0 = Release|Any CPU
		{4D47F450-5C79-4271-B1F7-65D512A67D7F}.Release|x86.ActiveCfg = Release|Any CPU
	EndGlobalSection
	GlobalSection(SolutionProperties) = preSolution
		HideSolutionNode = FALSE
	EndGlobalSection
EndGlobal
